
Microsoft Visual Studio Solution File, Format Version 12.00
# Visual Studio Version 17
VisualStudioVersion = 17.0.31912.275
MinimumVisualStudioVersion = 10.0.40219.1
Project("{2150E333-8FDC-42A3-9474-1A3956D46DE8}") = "Infrastructure", "Infrastructure", "{31744EF0-2214-4DFE-B031-98A2B1562C4E}"
EndProject
Project("{9A19103F-16F7-4668-BE54-9A1E7A4F7556}") = "CerbiSharp.Infrastructure.BaseInfrastructure", "Infrastructure\Base\CerbiSharp.Infrastructure.BaseInfrastructure.csproj", "{40D35898-0A1E-4A28-8281-551DCCAE7088}"
EndProject
Project("{9A19103F-16F7-4668-BE54-9A1E7A4F7556}") = "CerbiSharp.Test.ServiceBase", "SampleTest\CerbiSharp.Test.ServiceBase.csproj", "{1E7B627D-7E91-4F7F-A9C0-21E9A65FF2F4}"
EndProject
Project("{2150E333-8FDC-42A3-9474-1A3956D46DE8}") = "Test", "Test", "{951C6D0F-E021-4278-AA89-B546E382AE2A}"
EndProject
Global
	GlobalSection(SolutionConfigurationPlatforms) = preSolution
		Debug|Any CPU = Debug|Any CPU
		Release|Any CPU = Release|Any CPU
	EndGlobalSection
	GlobalSection(ProjectConfigurationPlatforms) = postSolution
		{40D35898-0A1E-4A28-8281-551DCCAE7088}.Debug|Any CPU.ActiveCfg = Debug|Any CPU
		{40D35898-0A1E-4A28-8281-551DCCAE7088}.Debug|Any CPU.Build.0 = Debug|Any CPU
		{40D35898-0A1E-4A28-8281-551DCCAE7088}.Release|Any CPU.ActiveCfg = Release|Any CPU
		{40D35898-0A1E-4A28-8281-551DCCAE7088}.Release|Any CPU.Build.0 = Release|Any CPU
		{1E7B627D-7E91-4F7F-A9C0-21E9A65FF2F4}.Debug|Any CPU.ActiveCfg = Debug|Any CPU
		{1E7B627D-7E91-4F7F-A9C0-21E9A65FF2F4}.Debug|Any CPU.Build.0 = Debug|Any CPU
		{1E7B627D-7E91-4F7F-A9C0-21E9A65FF2F4}.Release|Any CPU.ActiveCfg = Release|Any CPU
		{1E7B627D-7E91-4F7F-A9C0-21E9A65FF2F4}.Release|Any CPU.Build.0 = Release|Any CPU
	EndGlobalSection
	GlobalSection(SolutionProperties) = preSolution
		HideSolutionNode = FALSE
	EndGlobalSection
	GlobalSection(NestedProjects) = preSolution
		{40D35898-0A1E-4A28-8281-551DCCAE7088} = {31744EF0-2214-4DFE-B031-98A2B1562C4E}
		{1E7B627D-7E91-4F7F-A9C0-21E9A65FF2F4} = {951C6D0F-E021-4278-AA89-B546E382AE2A}
	EndGlobalSection
	GlobalSection(ExtensibilityGlobals) = postSolution
		SolutionGuid = {BFBB5B53-CFBE-468C-A9D2-7DC44D83F73B}
	EndGlobalSection
EndGlobal
